
Microsoft Visual Studio Solution File, Format Version 12.00
# Visual Studio Version 16
VisualStudioVersion = 16.0.29215.179
MinimumVisualStudioVersion = 10.0.40219.1
Project("{FAE04EC0-301F-11D3-BF4B-00C04F79EFBC}") = "assignment2", "assignment2.csproj", "{E675973E-1B45-4EE2-8BF4-E4818A8DF84D}"
EndProject
Project("{FAE04EC0-301F-11D3-BF4B-00C04F79EFBC}") = "Analyze_Tests", "..\Analyze_Tests\Analyze_Tests.csproj", "{2F1FE89E-2217-40AD-AFE0-2E35D8FDB3A7}"
EndProject
Global
	GlobalSection(SolutionConfigurationPlatforms) = preSolution
		Debug|Any CPU = Debug|Any CPU
		Release|Any CPU = Release|Any CPU
	EndGlobalSection
	GlobalSection(ProjectConfigurationPlatforms) = postSolution
		{E675973E-1B45-4EE2-8BF4-E4818A8DF84D}.Debug|Any CPU.ActiveCfg = Debug|Any CPU
		{E675973E-1B45-4EE2-8BF4-E4818A8DF84D}.Debug|Any CPU.Build.0 = Debug|Any CPU
		{E675973E-1B45-4EE2-8BF4-E4818A8DF84D}.Release|Any CPU.ActiveCfg = Release|Any CPU
		{E675973E-1B45-4EE2-8BF4-E4818A8DF84D}.Release|Any CPU.Build.0 = Release|Any CPU
		{2F1FE89E-2217-40AD-AFE0-2E35D8FDB3A7}.Debug|Any CPU.ActiveCfg = Debug|Any CPU
		{2F1FE89E-2217-40AD-AFE0-2E35D8FDB3A7}.Debug|Any CPU.Build.0 = Debug|Any CPU
		{2F1FE89E-2217-40AD-AFE0-2E35D8FDB3A7}.Release|Any CPU.ActiveCfg = Release|Any CPU
		{2F1FE89E-2217-40AD-AFE0-2E35D8FDB3A7}.Release|Any CPU.Build.0 = Release|Any CPU
	EndGlobalSection
	GlobalSection(SolutionProperties) = preSolution
		HideSolutionNode = FALSE
	EndGlobalSection
	GlobalSection(ExtensibilityGlobals) = postSolution
		SolutionGuid = {72F9799A-7B19-4C45-8D9D-F94170C290AB}
	EndGlobalSection
EndGlobal
